
Microsoft Visual Studio Solution File, Format Version 12.00
# Visual Studio Version 16
VisualStudioVersion = 16.0.29519.87
MinimumVisualStudioVersion = 10.0.40219.1
Project("{FAE04EC0-301F-11D3-BF4B-00C04F79EFBC}") = "MultiThread", "MultiThread\MultiThread.csproj", "{3D1D75C7-4000-4729-8847-2CA834367000}"
EndProject
Global
	GlobalSection(SolutionConfigurationPlatforms) = preSolution
		Debug|Any CPU = Debug|Any CPU
		Release|Any CPU = Release|Any CPU
	EndGlobalSection
	GlobalSection(ProjectConfigurationPlatforms) = postSolution
		{3D1D75C7-4000-4729-8847-2CA834367000}.Debug|Any CPU.ActiveCfg = Debug|Any CPU
		{3D1D75C7-4000-4729-8847-2CA834367000}.Debug|Any CPU.Build.0 = Debug|Any CPU
		{3D1D75C7-4000-4729-8847-2CA834367000}.Release|Any CPU.ActiveCfg = Release|Any CPU
		{3D1D75C7-4000-4729-8847-2CA834367000}.Release|Any CPU.Build.0 = Release|Any CPU
	EndGlobalSection
	GlobalSection(SolutionProperties) = preSolution
		HideSolutionNode = FALSE
	EndGlobalSection
	GlobalSection(ExtensibilityGlobals) = postSolution
		SolutionGuid = {256BC513-0BCC-407D-99A8-94BB009C9029}
	EndGlobalSection
EndGlobal
